
Microsoft Visual Studio Solution File, Format Version 12.00
# Visual Studio Version 16
VisualStudioVersion = 16.0.29424.173
MinimumVisualStudioVersion = 10.0.40219.1
Project("{FAE04EC0-301F-11D3-BF4B-00C04F79EFBC}") = "YusufMertBal_HW4", "YusufMertBal_HW4\YusufMertBal_HW4.csproj", "{96405078-89FA-4ED2-BC66-B30139992846}"
EndProject
Global
	GlobalSection(SolutionConfigurationPlatforms) = preSolution
		Debug|Any CPU = Debug|Any CPU
		Release|Any CPU = Release|Any CPU
	EndGlobalSection
	GlobalSection(ProjectConfigurationPlatforms) = postSolution
		{96405078-89FA-4ED2-BC66-B30139992846}.Debug|Any CPU.ActiveCfg = Debug|Any CPU
		{96405078-89FA-4ED2-BC66-B30139992846}.Debug|Any CPU.Build.0 = Debug|Any CPU
		{96405078-89FA-4ED2-BC66-B30139992846}.Release|Any CPU.ActiveCfg = Release|Any CPU
		{96405078-89FA-4ED2-BC66-B30139992846}.Release|Any CPU.Build.0 = Release|Any CPU
	EndGlobalSection
	GlobalSection(SolutionProperties) = preSolution
		HideSolutionNode = FALSE
	EndGlobalSection
	GlobalSection(ExtensibilityGlobals) = postSolution
		SolutionGuid = {DD15DDF8-B6D8-41FB-A037-980646857B0E}
	EndGlobalSection
EndGlobal
